
Microsoft Visual Studio Solution File, Format Version 12.00
# Visual Studio 15
VisualStudioVersion = 15.0.28307.902
MinimumVisualStudioVersion = 10.0.40219.1
Project("{FAE04EC0-301F-11D3-BF4B-00C04F79EFBC}") = "02_Text", "02_Text\02_Text.csproj", "{B484F4A8-AE08-4458-BFA6-4F348426592E}"
EndProject
Global
	GlobalSection(SolutionConfigurationPlatforms) = preSolution
		Debug|Any CPU = Debug|Any CPU
		Release|Any CPU = Release|Any CPU
	EndGlobalSection
	GlobalSection(ProjectConfigurationPlatforms) = postSolution
		{B484F4A8-AE08-4458-BFA6-4F348426592E}.Debug|Any CPU.ActiveCfg = Debug|Any CPU
		{B484F4A8-AE08-4458-BFA6-4F348426592E}.Debug|Any CPU.Build.0 = Debug|Any CPU
		{B484F4A8-AE08-4458-BFA6-4F348426592E}.Release|Any CPU.ActiveCfg = Release|Any CPU
		{B484F4A8-AE08-4458-BFA6-4F348426592E}.Release|Any CPU.Build.0 = Release|Any CPU
	EndGlobalSection
	GlobalSection(SolutionProperties) = preSolution
		HideSolutionNode = FALSE
	EndGlobalSection
	GlobalSection(ExtensibilityGlobals) = postSolution
		SolutionGuid = {D6836EE5-EF5E-452E-8216-4C78C981C76F}
	EndGlobalSection
EndGlobal
