
Microsoft Visual Studio Solution File, Format Version 12.00
# Visual Studio 15
VisualStudioVersion = 15.0.28307.902
MinimumVisualStudioVersion = 10.0.40219.1
Project("{FAE04EC0-301F-11D3-BF4B-00C04F79EFBC}") = "05_Practice", "05_Practice\05_Practice.csproj", "{48282591-25F3-42EC-B095-2DA574A035A5}"
EndProject
Global
	GlobalSection(SolutionConfigurationPlatforms) = preSolution
		Debug|Any CPU = Debug|Any CPU
		Release|Any CPU = Release|Any CPU
	EndGlobalSection
	GlobalSection(ProjectConfigurationPlatforms) = postSolution
		{48282591-25F3-42EC-B095-2DA574A035A5}.Debug|Any CPU.ActiveCfg = Debug|Any CPU
		{48282591-25F3-42EC-B095-2DA574A035A5}.Debug|Any CPU.Build.0 = Debug|Any CPU
		{48282591-25F3-42EC-B095-2DA574A035A5}.Release|Any CPU.ActiveCfg = Release|Any CPU
		{48282591-25F3-42EC-B095-2DA574A035A5}.Release|Any CPU.Build.0 = Release|Any CPU
	EndGlobalSection
	GlobalSection(SolutionProperties) = preSolution
		HideSolutionNode = FALSE
	EndGlobalSection
	GlobalSection(ExtensibilityGlobals) = postSolution
		SolutionGuid = {9E3115F1-0417-4460-B475-298F0763E3B4}
	EndGlobalSection
EndGlobal
