
Microsoft Visual Studio Solution File, Format Version 12.00
# Visual Studio 15
VisualStudioVersion = 15.0.28307.902
MinimumVisualStudioVersion = 10.0.40219.1
Project("{FAE04EC0-301F-11D3-BF4B-00C04F79EFBC}") = "07_GeneralAttr", "07_GeneralAttr\07_GeneralAttr.csproj", "{696BA31A-7C06-4ACF-85E1-C5BEC8B44773}"
EndProject
Global
	GlobalSection(SolutionConfigurationPlatforms) = preSolution
		Debug|Any CPU = Debug|Any CPU
		Release|Any CPU = Release|Any CPU
	EndGlobalSection
	GlobalSection(ProjectConfigurationPlatforms) = postSolution
		{696BA31A-7C06-4ACF-85E1-C5BEC8B44773}.Debug|Any CPU.ActiveCfg = Debug|Any CPU
		{696BA31A-7C06-4ACF-85E1-C5BEC8B44773}.Debug|Any CPU.Build.0 = Debug|Any CPU
		{696BA31A-7C06-4ACF-85E1-C5BEC8B44773}.Release|Any CPU.ActiveCfg = Release|Any CPU
		{696BA31A-7C06-4ACF-85E1-C5BEC8B44773}.Release|Any CPU.Build.0 = Release|Any CPU
	EndGlobalSection
	GlobalSection(SolutionProperties) = preSolution
		HideSolutionNode = FALSE
	EndGlobalSection
	GlobalSection(ExtensibilityGlobals) = postSolution
		SolutionGuid = {8EBF22C0-48AD-4F12-8A68-198AD5222879}
	EndGlobalSection
EndGlobal
