
Microsoft Visual Studio Solution File, Format Version 12.00
# Visual Studio 15
VisualStudioVersion = 15.0.28307.902
MinimumVisualStudioVersion = 10.0.40219.1
Project("{FAE04EC0-301F-11D3-BF4B-00C04F79EFBC}") = "03_MoreFor", "03_MoreFor\03_MoreFor.csproj", "{AF6FD24A-4111-4A14-83FE-0B8DE84732A1}"
EndProject
Global
	GlobalSection(SolutionConfigurationPlatforms) = preSolution
		Debug|Any CPU = Debug|Any CPU
		Release|Any CPU = Release|Any CPU
	EndGlobalSection
	GlobalSection(ProjectConfigurationPlatforms) = postSolution
		{AF6FD24A-4111-4A14-83FE-0B8DE84732A1}.Debug|Any CPU.ActiveCfg = Debug|Any CPU
		{AF6FD24A-4111-4A14-83FE-0B8DE84732A1}.Debug|Any CPU.Build.0 = Debug|Any CPU
		{AF6FD24A-4111-4A14-83FE-0B8DE84732A1}.Release|Any CPU.ActiveCfg = Release|Any CPU
		{AF6FD24A-4111-4A14-83FE-0B8DE84732A1}.Release|Any CPU.Build.0 = Release|Any CPU
	EndGlobalSection
	GlobalSection(SolutionProperties) = preSolution
		HideSolutionNode = FALSE
	EndGlobalSection
	GlobalSection(ExtensibilityGlobals) = postSolution
		SolutionGuid = {4E88F1DA-10B7-4FE2-82B0-BE8690D465BB}
	EndGlobalSection
EndGlobal
