
Microsoft Visual Studio Solution File, Format Version 12.00
# Visual Studio Version 17
VisualStudioVersion = 17.1.32421.90
MinimumVisualStudioVersion = 10.0.40219.1
Project("{FAE04EC0-301F-11D3-BF4B-00C04F79EFBC}") = "FizzBuzzWebApplication", "FizzBuzzWebApplication\FizzBuzzWebApplication.csproj", "{1BA75148-611D-4A10-AC6D-75A0088AC118}"
EndProject
Global
	GlobalSection(SolutionConfigurationPlatforms) = preSolution
		Debug|Any CPU = Debug|Any CPU
		Release|Any CPU = Release|Any CPU
	EndGlobalSection
	GlobalSection(ProjectConfigurationPlatforms) = postSolution
		{1BA75148-611D-4A10-AC6D-75A0088AC118}.Debug|Any CPU.ActiveCfg = Debug|Any CPU
		{1BA75148-611D-4A10-AC6D-75A0088AC118}.Debug|Any CPU.Build.0 = Debug|Any CPU
		{1BA75148-611D-4A10-AC6D-75A0088AC118}.Release|Any CPU.ActiveCfg = Release|Any CPU
		{1BA75148-611D-4A10-AC6D-75A0088AC118}.Release|Any CPU.Build.0 = Release|Any CPU
	EndGlobalSection
	GlobalSection(SolutionProperties) = preSolution
		HideSolutionNode = FALSE
	EndGlobalSection
	GlobalSection(ExtensibilityGlobals) = postSolution
		SolutionGuid = {35E29D66-4846-4FC4-80CF-69636842D5D2}
	EndGlobalSection
EndGlobal
