
Microsoft Visual Studio Solution File, Format Version 12.00
# Visual Studio 15
VisualStudioVersion = 15.0.28307.902
MinimumVisualStudioVersion = 10.0.40219.1
Project("{FAE04EC0-301F-11D3-BF4B-00C04F79EFBC}") = "01_NewWebsite", "01_NewWebsite\01_NewWebsite.csproj", "{56240134-3B6E-4DAA-A97D-254359CD06A7}"
EndProject
Global
	GlobalSection(SolutionConfigurationPlatforms) = preSolution
		Debug|Any CPU = Debug|Any CPU
		Release|Any CPU = Release|Any CPU
	EndGlobalSection
	GlobalSection(ProjectConfigurationPlatforms) = postSolution
		{56240134-3B6E-4DAA-A97D-254359CD06A7}.Debug|Any CPU.ActiveCfg = Debug|Any CPU
		{56240134-3B6E-4DAA-A97D-254359CD06A7}.Debug|Any CPU.Build.0 = Debug|Any CPU
		{56240134-3B6E-4DAA-A97D-254359CD06A7}.Release|Any CPU.ActiveCfg = Release|Any CPU
		{56240134-3B6E-4DAA-A97D-254359CD06A7}.Release|Any CPU.Build.0 = Release|Any CPU
	EndGlobalSection
	GlobalSection(SolutionProperties) = preSolution
		HideSolutionNode = FALSE
	EndGlobalSection
	GlobalSection(ExtensibilityGlobals) = postSolution
		SolutionGuid = {422AE2B4-7287-4FBC-9316-464047FF9629}
	EndGlobalSection
EndGlobal
