
Microsoft Visual Studio Solution File, Format Version 12.00
# Visual Studio 15
VisualStudioVersion = 15.0.28307.902
MinimumVisualStudioVersion = 10.0.40219.1
Project("{FAE04EC0-301F-11D3-BF4B-00C04F79EFBC}") = "Polodex", "Polodex\Polodex.csproj", "{0285585D-D3C0-4419-85AE-D8846913A40A}"
EndProject
Global
	GlobalSection(SolutionConfigurationPlatforms) = preSolution
		Debug|Any CPU = Debug|Any CPU
		Release|Any CPU = Release|Any CPU
	EndGlobalSection
	GlobalSection(ProjectConfigurationPlatforms) = postSolution
		{0285585D-D3C0-4419-85AE-D8846913A40A}.Debug|Any CPU.ActiveCfg = Debug|Any CPU
		{0285585D-D3C0-4419-85AE-D8846913A40A}.Debug|Any CPU.Build.0 = Debug|Any CPU
		{0285585D-D3C0-4419-85AE-D8846913A40A}.Release|Any CPU.ActiveCfg = Release|Any CPU
		{0285585D-D3C0-4419-85AE-D8846913A40A}.Release|Any CPU.Build.0 = Release|Any CPU
	EndGlobalSection
	GlobalSection(SolutionProperties) = preSolution
		HideSolutionNode = FALSE
	EndGlobalSection
	GlobalSection(ExtensibilityGlobals) = postSolution
		SolutionGuid = {B32AFAF5-370C-4219-9365-DE8902B68730}
	EndGlobalSection
EndGlobal
