
Microsoft Visual Studio Solution File, Format Version 12.00
# Visual Studio 15
VisualStudioVersion = 15.0.28307.902
MinimumVisualStudioVersion = 10.0.40219.1
Project("{FAE04EC0-301F-11D3-BF4B-00C04F79EFBC}") = "02_FormsInputs", "02_FormsInputs\02_FormsInputs.csproj", "{697646CC-A14D-4994-888C-01349D61A415}"
EndProject
Global
	GlobalSection(SolutionConfigurationPlatforms) = preSolution
		Debug|Any CPU = Debug|Any CPU
		Release|Any CPU = Release|Any CPU
	EndGlobalSection
	GlobalSection(ProjectConfigurationPlatforms) = postSolution
		{697646CC-A14D-4994-888C-01349D61A415}.Debug|Any CPU.ActiveCfg = Debug|Any CPU
		{697646CC-A14D-4994-888C-01349D61A415}.Debug|Any CPU.Build.0 = Debug|Any CPU
		{697646CC-A14D-4994-888C-01349D61A415}.Release|Any CPU.ActiveCfg = Release|Any CPU
		{697646CC-A14D-4994-888C-01349D61A415}.Release|Any CPU.Build.0 = Release|Any CPU
	EndGlobalSection
	GlobalSection(SolutionProperties) = preSolution
		HideSolutionNode = FALSE
	EndGlobalSection
	GlobalSection(ExtensibilityGlobals) = postSolution
		SolutionGuid = {C5492E62-E5B0-4FE4-AB5B-E6CC2F3D975D}
	EndGlobalSection
EndGlobal
