
Microsoft Visual Studio Solution File, Format Version 12.00
# Visual Studio 15
VisualStudioVersion = 15.0.28307.902
MinimumVisualStudioVersion = 10.0.40219.1
Project("{FAE04EC0-301F-11D3-BF4B-00C04F79EFBC}") = "JSActivity02", "JSActivity02\JSActivity02.csproj", "{39AA4E90-45C5-4435-B6AB-1CD2316535FB}"
EndProject
Global
	GlobalSection(SolutionConfigurationPlatforms) = preSolution
		Debug|Any CPU = Debug|Any CPU
		Release|Any CPU = Release|Any CPU
	EndGlobalSection
	GlobalSection(ProjectConfigurationPlatforms) = postSolution
		{39AA4E90-45C5-4435-B6AB-1CD2316535FB}.Debug|Any CPU.ActiveCfg = Debug|Any CPU
		{39AA4E90-45C5-4435-B6AB-1CD2316535FB}.Debug|Any CPU.Build.0 = Debug|Any CPU
		{39AA4E90-45C5-4435-B6AB-1CD2316535FB}.Release|Any CPU.ActiveCfg = Release|Any CPU
		{39AA4E90-45C5-4435-B6AB-1CD2316535FB}.Release|Any CPU.Build.0 = Release|Any CPU
	EndGlobalSection
	GlobalSection(SolutionProperties) = preSolution
		HideSolutionNode = FALSE
	EndGlobalSection
	GlobalSection(ExtensibilityGlobals) = postSolution
		SolutionGuid = {06C336D0-F2CE-48AD-8FC5-3DAEA7531691}
	EndGlobalSection
EndGlobal
