
Microsoft Visual Studio Solution File, Format Version 12.00
# Visual Studio 15
VisualStudioVersion = 15.0.28307.902
MinimumVisualStudioVersion = 10.0.40219.1
Project("{FAE04EC0-301F-11D3-BF4B-00C04F79EFBC}") = "02_Wrap", "02_Wrap\02_Wrap.csproj", "{73EE6C34-1561-4E18-85A1-9A05FF76A0F1}"
EndProject
Global
	GlobalSection(SolutionConfigurationPlatforms) = preSolution
		Debug|Any CPU = Debug|Any CPU
		Release|Any CPU = Release|Any CPU
	EndGlobalSection
	GlobalSection(ProjectConfigurationPlatforms) = postSolution
		{73EE6C34-1561-4E18-85A1-9A05FF76A0F1}.Debug|Any CPU.ActiveCfg = Debug|Any CPU
		{73EE6C34-1561-4E18-85A1-9A05FF76A0F1}.Debug|Any CPU.Build.0 = Debug|Any CPU
		{73EE6C34-1561-4E18-85A1-9A05FF76A0F1}.Release|Any CPU.ActiveCfg = Release|Any CPU
		{73EE6C34-1561-4E18-85A1-9A05FF76A0F1}.Release|Any CPU.Build.0 = Release|Any CPU
	EndGlobalSection
	GlobalSection(SolutionProperties) = preSolution
		HideSolutionNode = FALSE
	EndGlobalSection
	GlobalSection(ExtensibilityGlobals) = postSolution
		SolutionGuid = {C671C9BB-35E9-421A-91C0-B58B9AC143A8}
	EndGlobalSection
EndGlobal
