
Microsoft Visual Studio Solution File, Format Version 12.00
# Visual Studio 15
VisualStudioVersion = 15.0.28307.902
MinimumVisualStudioVersion = 10.0.40219.1
Project("{FAE04EC0-301F-11D3-BF4B-00C04F79EFBC}") = "09_Transversing", "09_Transversing.csproj", "{25A0A94B-CC75-4516-BCCE-BC2DAE37F7A5}"
EndProject
Global
	GlobalSection(SolutionConfigurationPlatforms) = preSolution
		Debug|Any CPU = Debug|Any CPU
		Release|Any CPU = Release|Any CPU
	EndGlobalSection
	GlobalSection(ProjectConfigurationPlatforms) = postSolution
		{25A0A94B-CC75-4516-BCCE-BC2DAE37F7A5}.Debug|Any CPU.ActiveCfg = Debug|Any CPU
		{25A0A94B-CC75-4516-BCCE-BC2DAE37F7A5}.Debug|Any CPU.Build.0 = Debug|Any CPU
		{25A0A94B-CC75-4516-BCCE-BC2DAE37F7A5}.Release|Any CPU.ActiveCfg = Release|Any CPU
		{25A0A94B-CC75-4516-BCCE-BC2DAE37F7A5}.Release|Any CPU.Build.0 = Release|Any CPU
	EndGlobalSection
	GlobalSection(SolutionProperties) = preSolution
		HideSolutionNode = FALSE
	EndGlobalSection
	GlobalSection(ExtensibilityGlobals) = postSolution
		SolutionGuid = {01AAB769-C89B-4A0D-A988-6D104C0B11B6}
	EndGlobalSection
EndGlobal
