
Microsoft Visual Studio Solution File, Format Version 12.00
# Visual Studio 15
VisualStudioVersion = 15.0.28307.902
MinimumVisualStudioVersion = 10.0.40219.1
Project("{FAE04EC0-301F-11D3-BF4B-00C04F79EFBC}") = "CSSPractice4", "CSSPractice4\CSSPractice4.csproj", "{02D2929F-1FBF-424D-BCEE-D109BFD99259}"
EndProject
Global
	GlobalSection(SolutionConfigurationPlatforms) = preSolution
		Debug|Any CPU = Debug|Any CPU
		Release|Any CPU = Release|Any CPU
	EndGlobalSection
	GlobalSection(ProjectConfigurationPlatforms) = postSolution
		{02D2929F-1FBF-424D-BCEE-D109BFD99259}.Debug|Any CPU.ActiveCfg = Debug|Any CPU
		{02D2929F-1FBF-424D-BCEE-D109BFD99259}.Debug|Any CPU.Build.0 = Debug|Any CPU
		{02D2929F-1FBF-424D-BCEE-D109BFD99259}.Release|Any CPU.ActiveCfg = Release|Any CPU
		{02D2929F-1FBF-424D-BCEE-D109BFD99259}.Release|Any CPU.Build.0 = Release|Any CPU
	EndGlobalSection
	GlobalSection(SolutionProperties) = preSolution
		HideSolutionNode = FALSE
	EndGlobalSection
	GlobalSection(ExtensibilityGlobals) = postSolution
		SolutionGuid = {BE970EC8-9E0F-44C0-950F-0AEB19D899D3}
	EndGlobalSection
EndGlobal
