
Microsoft Visual Studio Solution File, Format Version 12.00
# Visual Studio 15
VisualStudioVersion = 15.0.28307.902
MinimumVisualStudioVersion = 10.0.40219.1
Project("{FAE04EC0-301F-11D3-BF4B-00C04F79EFBC}") = "functions", "functions\functions.csproj", "{DBFBC42B-20A9-4848-B524-075429593E6C}"
EndProject
Global
	GlobalSection(SolutionConfigurationPlatforms) = preSolution
		Debug|Any CPU = Debug|Any CPU
		Release|Any CPU = Release|Any CPU
	EndGlobalSection
	GlobalSection(ProjectConfigurationPlatforms) = postSolution
		{DBFBC42B-20A9-4848-B524-075429593E6C}.Debug|Any CPU.ActiveCfg = Debug|Any CPU
		{DBFBC42B-20A9-4848-B524-075429593E6C}.Debug|Any CPU.Build.0 = Debug|Any CPU
		{DBFBC42B-20A9-4848-B524-075429593E6C}.Release|Any CPU.ActiveCfg = Release|Any CPU
		{DBFBC42B-20A9-4848-B524-075429593E6C}.Release|Any CPU.Build.0 = Release|Any CPU
	EndGlobalSection
	GlobalSection(SolutionProperties) = preSolution
		HideSolutionNode = FALSE
	EndGlobalSection
	GlobalSection(ExtensibilityGlobals) = postSolution
		SolutionGuid = {15F19832-77A4-4F12-941B-7D534A72C694}
	EndGlobalSection
EndGlobal
