
Microsoft Visual Studio Solution File, Format Version 12.00
# Visual Studio 15
VisualStudioVersion = 15.0.28307.902
MinimumVisualStudioVersion = 10.0.40219.1
Project("{FAE04EC0-301F-11D3-BF4B-00C04F79EFBC}") = "01_Arrays", "01_Arrays\01_Arrays.csproj", "{6A0EF3D8-19DC-4E02-B3A2-A884BC0DA7CC}"
EndProject
Global
	GlobalSection(SolutionConfigurationPlatforms) = preSolution
		Debug|Any CPU = Debug|Any CPU
		Release|Any CPU = Release|Any CPU
	EndGlobalSection
	GlobalSection(ProjectConfigurationPlatforms) = postSolution
		{6A0EF3D8-19DC-4E02-B3A2-A884BC0DA7CC}.Debug|Any CPU.ActiveCfg = Debug|Any CPU
		{6A0EF3D8-19DC-4E02-B3A2-A884BC0DA7CC}.Debug|Any CPU.Build.0 = Debug|Any CPU
		{6A0EF3D8-19DC-4E02-B3A2-A884BC0DA7CC}.Release|Any CPU.ActiveCfg = Release|Any CPU
		{6A0EF3D8-19DC-4E02-B3A2-A884BC0DA7CC}.Release|Any CPU.Build.0 = Release|Any CPU
	EndGlobalSection
	GlobalSection(SolutionProperties) = preSolution
		HideSolutionNode = FALSE
	EndGlobalSection
	GlobalSection(ExtensibilityGlobals) = postSolution
		SolutionGuid = {BCA536C8-66BF-426D-81AE-27F9410CDF7E}
	EndGlobalSection
EndGlobal
