
Microsoft Visual Studio Solution File, Format Version 12.00
# Visual Studio 15
VisualStudioVersion = 15.0.28307.902
MinimumVisualStudioVersion = 10.0.40219.1
Project("{FAE04EC0-301F-11D3-BF4B-00C04F79EFBC}") = "01_IfThenElse", "01_IfThenElse\01_IfThenElse.csproj", "{67452623-BD23-48DC-A3C0-A4DA4A06E14F}"
EndProject
Global
	GlobalSection(SolutionConfigurationPlatforms) = preSolution
		Debug|Any CPU = Debug|Any CPU
		Release|Any CPU = Release|Any CPU
	EndGlobalSection
	GlobalSection(ProjectConfigurationPlatforms) = postSolution
		{67452623-BD23-48DC-A3C0-A4DA4A06E14F}.Debug|Any CPU.ActiveCfg = Debug|Any CPU
		{67452623-BD23-48DC-A3C0-A4DA4A06E14F}.Debug|Any CPU.Build.0 = Debug|Any CPU
		{67452623-BD23-48DC-A3C0-A4DA4A06E14F}.Release|Any CPU.ActiveCfg = Release|Any CPU
		{67452623-BD23-48DC-A3C0-A4DA4A06E14F}.Release|Any CPU.Build.0 = Release|Any CPU
	EndGlobalSection
	GlobalSection(SolutionProperties) = preSolution
		HideSolutionNode = FALSE
	EndGlobalSection
	GlobalSection(ExtensibilityGlobals) = postSolution
		SolutionGuid = {C7341109-D15E-4881-BB32-070CF4D94A72}
	EndGlobalSection
EndGlobal
