
Microsoft Visual Studio Solution File, Format Version 12.00
# Visual Studio 15
VisualStudioVersion = 15.0.28307.902
MinimumVisualStudioVersion = 10.0.40219.1
Project("{FAE04EC0-301F-11D3-BF4B-00C04F79EFBC}") = "06_Attributes", "06_Attributes\06_Attributes.csproj", "{24DDC148-5BDE-461E-AC4C-E841A8CB55E2}"
EndProject
Global
	GlobalSection(SolutionConfigurationPlatforms) = preSolution
		Debug|Any CPU = Debug|Any CPU
		Release|Any CPU = Release|Any CPU
	EndGlobalSection
	GlobalSection(ProjectConfigurationPlatforms) = postSolution
		{24DDC148-5BDE-461E-AC4C-E841A8CB55E2}.Debug|Any CPU.ActiveCfg = Debug|Any CPU
		{24DDC148-5BDE-461E-AC4C-E841A8CB55E2}.Debug|Any CPU.Build.0 = Debug|Any CPU
		{24DDC148-5BDE-461E-AC4C-E841A8CB55E2}.Release|Any CPU.ActiveCfg = Release|Any CPU
		{24DDC148-5BDE-461E-AC4C-E841A8CB55E2}.Release|Any CPU.Build.0 = Release|Any CPU
	EndGlobalSection
	GlobalSection(SolutionProperties) = preSolution
		HideSolutionNode = FALSE
	EndGlobalSection
	GlobalSection(ExtensibilityGlobals) = postSolution
		SolutionGuid = {0482FEF1-FBD5-4100-9E8D-8E1C985BB584}
	EndGlobalSection
EndGlobal
