
Microsoft Visual Studio Solution File, Format Version 12.00
# Visual Studio Version 17
VisualStudioVersion = 17.1.32319.34
MinimumVisualStudioVersion = 10.0.40219.1
Project("{E24C65DC-7377-472B-9ABA-BC803B73C61A}") = "WebFormUI", "WebFormUI\", "{E4E8ED5F-7F6C-4F24-BBD3-1D0AE806042B}"
	ProjectSection(WebsiteProperties) = preProject
		TargetFrameworkMoniker = ".NETFramework,Version%3Dv4.6.1"
		Debug.AspNetCompiler.VirtualPath = "/localhost_50475"
		Debug.AspNetCompiler.PhysicalPath = "WebFormUI\"
		Debug.AspNetCompiler.TargetPath = "PrecompiledWeb\localhost_50475\"
		Debug.AspNetCompiler.Updateable = "true"
		Debug.AspNetCompiler.ForceOverwrite = "true"
		Debug.AspNetCompiler.FixedNames = "false"
		Debug.AspNetCompiler.Debug = "True"
		Release.AspNetCompiler.VirtualPath = "/localhost_50475"
		Release.AspNetCompiler.PhysicalPath = "WebFormUI\"
		Release.AspNetCompiler.TargetPath = "PrecompiledWeb\localhost_50475\"
		Release.AspNetCompiler.Updateable = "true"
		Release.AspNetCompiler.ForceOverwrite = "true"
		Release.AspNetCompiler.FixedNames = "false"
		Release.AspNetCompiler.Debug = "False"
		VWDPort = "50475"
		SlnRelativePath = "WebFormUI\"
		DefaultWebSiteLanguage = "Visual C#"
	EndProjectSection
EndProject
Global
	GlobalSection(SolutionConfigurationPlatforms) = preSolution
		Debug|Any CPU = Debug|Any CPU
	EndGlobalSection
	GlobalSection(ProjectConfigurationPlatforms) = postSolution
		{E4E8ED5F-7F6C-4F24-BBD3-1D0AE806042B}.Debug|Any CPU.ActiveCfg = Debug|Any CPU
		{E4E8ED5F-7F6C-4F24-BBD3-1D0AE806042B}.Debug|Any CPU.Build.0 = Debug|Any CPU
	EndGlobalSection
	GlobalSection(SolutionProperties) = preSolution
		HideSolutionNode = FALSE
	EndGlobalSection
	GlobalSection(ExtensibilityGlobals) = postSolution
		SolutionGuid = {CF648792-52B5-4C9E-B207-5CB2F880A287}
	EndGlobalSection
EndGlobal
