
Microsoft Visual Studio Solution File, Format Version 12.00
# Visual Studio 15
VisualStudioVersion = 15.0.28307.902
MinimumVisualStudioVersion = 10.0.40219.1
Project("{FAE04EC0-301F-11D3-BF4B-00C04F79EFBC}") = "WebApplication1", "WebApplication1\WebApplication1.csproj", "{02609F2B-6715-4763-9DB3-C7C2B4E82417}"
EndProject
Global
	GlobalSection(SolutionConfigurationPlatforms) = preSolution
		Debug|Any CPU = Debug|Any CPU
		Release|Any CPU = Release|Any CPU
	EndGlobalSection
	GlobalSection(ProjectConfigurationPlatforms) = postSolution
		{02609F2B-6715-4763-9DB3-C7C2B4E82417}.Debug|Any CPU.ActiveCfg = Debug|Any CPU
		{02609F2B-6715-4763-9DB3-C7C2B4E82417}.Debug|Any CPU.Build.0 = Debug|Any CPU
		{02609F2B-6715-4763-9DB3-C7C2B4E82417}.Release|Any CPU.ActiveCfg = Release|Any CPU
		{02609F2B-6715-4763-9DB3-C7C2B4E82417}.Release|Any CPU.Build.0 = Release|Any CPU
	EndGlobalSection
	GlobalSection(SolutionProperties) = preSolution
		HideSolutionNode = FALSE
	EndGlobalSection
	GlobalSection(ExtensibilityGlobals) = postSolution
		SolutionGuid = {09E6D431-9213-4E1F-9086-430B1C1B561F}
	EndGlobalSection
EndGlobal
