
Microsoft Visual Studio Solution File, Format Version 12.00
# Visual Studio 15
VisualStudioVersion = 15.0.28307.902
MinimumVisualStudioVersion = 10.0.40219.1
Project("{FAE04EC0-301F-11D3-BF4B-00C04F79EFBC}") = "01_Objects", "01_Objects\01_Objects.csproj", "{9FCE7E97-7F6B-49A6-BB60-BF9DC1EACCB7}"
EndProject
Global
	GlobalSection(SolutionConfigurationPlatforms) = preSolution
		Debug|Any CPU = Debug|Any CPU
		Release|Any CPU = Release|Any CPU
	EndGlobalSection
	GlobalSection(ProjectConfigurationPlatforms) = postSolution
		{9FCE7E97-7F6B-49A6-BB60-BF9DC1EACCB7}.Debug|Any CPU.ActiveCfg = Debug|Any CPU
		{9FCE7E97-7F6B-49A6-BB60-BF9DC1EACCB7}.Debug|Any CPU.Build.0 = Debug|Any CPU
		{9FCE7E97-7F6B-49A6-BB60-BF9DC1EACCB7}.Release|Any CPU.ActiveCfg = Release|Any CPU
		{9FCE7E97-7F6B-49A6-BB60-BF9DC1EACCB7}.Release|Any CPU.Build.0 = Release|Any CPU
	EndGlobalSection
	GlobalSection(SolutionProperties) = preSolution
		HideSolutionNode = FALSE
	EndGlobalSection
	GlobalSection(ExtensibilityGlobals) = postSolution
		SolutionGuid = {D42C82A7-4E2F-40EC-9B9A-D97B1C9DDD0C}
	EndGlobalSection
EndGlobal
