
Microsoft Visual Studio Solution File, Format Version 12.00
# Visual Studio 15
VisualStudioVersion = 15.0.28307.902
MinimumVisualStudioVersion = 10.0.40219.1
Project("{FAE04EC0-301F-11D3-BF4B-00C04F79EFBC}") = "01_Lesson", "01_Lesson\01_Lesson.csproj", "{741A396D-EC47-4961-A414-2D49A4E9CC0B}"
EndProject
Global
	GlobalSection(SolutionConfigurationPlatforms) = preSolution
		Debug|Any CPU = Debug|Any CPU
		Release|Any CPU = Release|Any CPU
	EndGlobalSection
	GlobalSection(ProjectConfigurationPlatforms) = postSolution
		{741A396D-EC47-4961-A414-2D49A4E9CC0B}.Debug|Any CPU.ActiveCfg = Debug|Any CPU
		{741A396D-EC47-4961-A414-2D49A4E9CC0B}.Debug|Any CPU.Build.0 = Debug|Any CPU
		{741A396D-EC47-4961-A414-2D49A4E9CC0B}.Release|Any CPU.ActiveCfg = Release|Any CPU
		{741A396D-EC47-4961-A414-2D49A4E9CC0B}.Release|Any CPU.Build.0 = Release|Any CPU
	EndGlobalSection
	GlobalSection(SolutionProperties) = preSolution
		HideSolutionNode = FALSE
	EndGlobalSection
	GlobalSection(ExtensibilityGlobals) = postSolution
		SolutionGuid = {A38F6661-9423-40CD-B33A-A66AD782ECC5}
	EndGlobalSection
EndGlobal
