
Microsoft Visual Studio Solution File, Format Version 12.00
# Visual Studio 15
VisualStudioVersion = 15.0.28307.902
MinimumVisualStudioVersion = 10.0.40219.1
Project("{FAE04EC0-301F-11D3-BF4B-00C04F79EFBC}") = "02_Assignment01", "02_Assignment01\02_Assignment01.csproj", "{09FEB6E4-A000-4258-B23E-DB6F11ECF509}"
EndProject
Global
	GlobalSection(SolutionConfigurationPlatforms) = preSolution
		Debug|Any CPU = Debug|Any CPU
		Release|Any CPU = Release|Any CPU
	EndGlobalSection
	GlobalSection(ProjectConfigurationPlatforms) = postSolution
		{09FEB6E4-A000-4258-B23E-DB6F11ECF509}.Debug|Any CPU.ActiveCfg = Debug|Any CPU
		{09FEB6E4-A000-4258-B23E-DB6F11ECF509}.Debug|Any CPU.Build.0 = Debug|Any CPU
		{09FEB6E4-A000-4258-B23E-DB6F11ECF509}.Release|Any CPU.ActiveCfg = Release|Any CPU
		{09FEB6E4-A000-4258-B23E-DB6F11ECF509}.Release|Any CPU.Build.0 = Release|Any CPU
	EndGlobalSection
	GlobalSection(SolutionProperties) = preSolution
		HideSolutionNode = FALSE
	EndGlobalSection
	GlobalSection(ExtensibilityGlobals) = postSolution
		SolutionGuid = {B58F64E1-D165-4569-A256-B7EA1CB01718}
	EndGlobalSection
EndGlobal
